
Microsoft Visual Studio Solution File, Format Version 12.00
# Visual Studio 15
VisualStudioVersion = 15.0.26730.8
MinimumVisualStudioVersion = 10.0.40219.1
Project("{FAE04EC0-301F-11D3-BF4B-00C04F79EFBC}") = "HarjoitusTyo", "HarjoitusTyo\HarjoitusTyo.csproj", "{3697C815-76A1-46F2-BAA0-600736C96A5B}"
EndProject
Global
	GlobalSection(SolutionConfigurationPlatforms) = preSolution
		Debug|Any CPU = Debug|Any CPU
		Release|Any CPU = Release|Any CPU
	EndGlobalSection
	GlobalSection(ProjectConfigurationPlatforms) = postSolution
		{3697C815-76A1-46F2-BAA0-600736C96A5B}.Debug|Any CPU.ActiveCfg = Debug|Any CPU
		{3697C815-76A1-46F2-BAA0-600736C96A5B}.Debug|Any CPU.Build.0 = Debug|Any CPU
		{3697C815-76A1-46F2-BAA0-600736C96A5B}.Release|Any CPU.ActiveCfg = Release|Any CPU
		{3697C815-76A1-46F2-BAA0-600736C96A5B}.Release|Any CPU.Build.0 = Release|Any CPU
	EndGlobalSection
	GlobalSection(SolutionProperties) = preSolution
		HideSolutionNode = FALSE
	EndGlobalSection
	GlobalSection(ExtensibilityGlobals) = postSolution
		SolutionGuid = {A27CF4EF-54C4-4299-81D8-75533C06BF1D}
	EndGlobalSection
EndGlobal
